Microsoft Visual Studio Solution File, Format Version 10.00
# Visual C++ Express 2008
Project("{8BC9CEB8-8B4A-11D0-8D11-00A0C91BC942}") = "wm20", "wm20.vcproj", "{EB94ED96-DC62-4E28-B9C7-5A14FAE91B59}"
	ProjectSection(ProjectDependencies) = postProject
		{444AB0EF-5091-437D-A63B-91FC0C626645} = {444AB0EF-5091-437D-A63B-91FC0C626645}
	EndProjectSection
EndProject
Project("{8BC9CEB8-8B4A-11D0-8D11-00A0C91BC942}") = "ppl6 - Visual Studio 2008", "..\..\..\ppl\ppl6\ppl6 - Visual Studio 2008.vcproj", "{444AB0EF-5091-437D-A63B-91FC0C626645}"
EndProject
Global
	GlobalSection(SolutionConfigurationPlatforms) = preSolution
		Debug|Win32 = Debug|Win32
		Debug-NoLibs|Win32 = Debug-NoLibs|Win32
		Minimal|Win32 = Minimal|Win32
		Release|Win32 = Release|Win32
	EndGlobalSection
	GlobalSection(ProjectConfigurationPlatforms) = postSolution
		{EB94ED96-DC62-4E28-B9C7-5A14FAE91B59}.Debug|Win32.ActiveCfg = Debug|Win32
		{EB94ED96-DC62-4E28-B9C7-5A14FAE91B59}.Debug-NoLibs|Win32.ActiveCfg = Debug|Win32
		{EB94ED96-DC62-4E28-B9C7-5A14FAE91B59}.Minimal|Win32.ActiveCfg = Release|Win32
		{EB94ED96-DC62-4E28-B9C7-5A14FAE91B59}.Minimal|Win32.Build.0 = Release|Win32
		{EB94ED96-DC62-4E28-B9C7-5A14FAE91B59}.Release|Win32.ActiveCfg = Release|Win32
		{444AB0EF-5091-437D-A63B-91FC0C626645}.Debug|Win32.ActiveCfg = Debug|Win32
		{444AB0EF-5091-437D-A63B-91FC0C626645}.Debug|Win32.Build.0 = Debug|Win32
		{444AB0EF-5091-437D-A63B-91FC0C626645}.Debug-NoLibs|Win32.ActiveCfg = Debug|Win32
		{444AB0EF-5091-437D-A63B-91FC0C626645}.Debug-NoLibs|Win32.Build.0 = Debug|Win32
		{444AB0EF-5091-437D-A63B-91FC0C626645}.Minimal|Win32.ActiveCfg = Minimal|Win32
		{444AB0EF-5091-437D-A63B-91FC0C626645}.Minimal|Win32.Build.0 = Minimal|Win32
		{444AB0EF-5091-437D-A63B-91FC0C626645}.Release|Win32.ActiveCfg = Release|Win32
		{444AB0EF-5091-437D-A63B-91FC0C626645}.Release|Win32.Build.0 = Release|Win32
	EndGlobalSection
	GlobalSection(SolutionProperties) = preSolution
		HideSolutionNode = FALSE
	EndGlobalSection
EndGlobal
